
Microsoft Visual Studio Solution File, Format Version 12.00
# Visual Studio Version 17
VisualStudioVersion = 17.1.32421.90
MinimumVisualStudioVersion = 10.0.40219.1
Project("{FAE04EC0-301F-11D3-BF4B-00C04F79EFBC}") = "ProductTracking.Api", "ProductTracking.Api\ProductTracking.Api.csproj", "{4E11FF3C-2AB2-4D12-9CCA-D491200ABBB4}"
EndProject
Project("{FAE04EC0-301F-11D3-BF4B-00C04F79EFBC}") = "ProductTracking.Model", "ProductTracking.Model\ProductTracking.Model.csproj", "{7C681D40-0EC2-40F8-8C7F-2ACB8E8EF305}"
EndProject
Project("{FAE04EC0-301F-11D3-BF4B-00C04F79EFBC}") = "ProductTracking.DTO", "ProductTracking.DTO\ProductTracking.DTO.csproj", "{05BBD881-FD2A-4B97-9471-0CBF32E09CC1}"
EndProject
Project("{FAE04EC0-301F-11D3-BF4B-00C04F79EFBC}") = "ProductTracking.Data", "ProductTracking.Data\ProductTracking.Data.csproj", "{338F2FDF-9EBF-4228-B1D2-597DF7929DD2}"
EndProject
Project("{FAE04EC0-301F-11D3-BF4B-00C04F79EFBC}") = "ProductTracking.Business", "ProductTracking.Business\ProductTracking.Business.csproj", "{4FEC30E8-D1E3-46ED-AC20-C0A2123D24A1}"
EndProject
Global
	GlobalSection(SolutionConfigurationPlatforms) = preSolution
		Debug|Any CPU = Debug|Any CPU
		Release|Any CPU = Release|Any CPU
	EndGlobalSection
	GlobalSection(ProjectConfigurationPlatforms) = postSolution
		{4E11FF3C-2AB2-4D12-9CCA-D491200ABBB4}.Debug|Any CPU.ActiveCfg = Debug|Any CPU
		{4E11FF3C-2AB2-4D12-9CCA-D491200ABBB4}.Debug|Any CPU.Build.0 = Debug|Any CPU
		{4E11FF3C-2AB2-4D12-9CCA-D491200ABBB4}.Release|Any CPU.ActiveCfg = Release|Any CPU
		{4E11FF3C-2AB2-4D12-9CCA-D491200ABBB4}.Release|Any CPU.Build.0 = Release|Any CPU
		{7C681D40-0EC2-40F8-8C7F-2ACB8E8EF305}.Debug|Any CPU.ActiveCfg = Debug|Any CPU
		{7C681D40-0EC2-40F8-8C7F-2ACB8E8EF305}.Debug|Any CPU.Build.0 = Debug|Any CPU
		{7C681D40-0EC2-40F8-8C7F-2ACB8E8EF305}.Release|Any CPU.ActiveCfg = Release|Any CPU
		{7C681D40-0EC2-40F8-8C7F-2ACB8E8EF305}.Release|Any CPU.Build.0 = Release|Any CPU
		{05BBD881-FD2A-4B97-9471-0CBF32E09CC1}.Debug|Any CPU.ActiveCfg = Debug|Any CPU
		{05BBD881-FD2A-4B97-9471-0CBF32E09CC1}.Debug|Any CPU.Build.0 = Debug|Any CPU
		{05BBD881-FD2A-4B97-9471-0CBF32E09CC1}.Release|Any CPU.ActiveCfg = Release|Any CPU
		{05BBD881-FD2A-4B97-9471-0CBF32E09CC1}.Release|Any CPU.Build.0 = Release|Any CPU
		{338F2FDF-9EBF-4228-B1D2-597DF7929DD2}.Debug|Any CPU.ActiveCfg = Debug|Any CPU
		{338F2FDF-9EBF-4228-B1D2-597DF7929DD2}.Debug|Any CPU.Build.0 = Debug|Any CPU
		{338F2FDF-9EBF-4228-B1D2-597DF7929DD2}.Release|Any CPU.ActiveCfg = Release|Any CPU
		{338F2FDF-9EBF-4228-B1D2-597DF7929DD2}.Release|Any CPU.Build.0 = Release|Any CPU
		{4FEC30E8-D1E3-46ED-AC20-C0A2123D24A1}.Debug|Any CPU.ActiveCfg = Debug|Any CPU
		{4FEC30E8-D1E3-46ED-AC20-C0A2123D24A1}.Debug|Any CPU.Build.0 = Debug|Any CPU
		{4FEC30E8-D1E3-46ED-AC20-C0A2123D24A1}.Release|Any CPU.ActiveCfg = Release|Any CPU
		{4FEC30E8-D1E3-46ED-AC20-C0A2123D24A1}.Release|Any CPU.Build.0 = Release|Any CPU
	EndGlobalSection
	GlobalSection(SolutionProperties) = preSolution
		HideSolutionNode = FALSE
	EndGlobalSection
	GlobalSection(ExtensibilityGlobals) = postSolution
		SolutionGuid = {F618AA2E-AA52-46A4-B4CB-F5A472606BA8}
	EndGlobalSection
EndGlobal
